Microsoft Visual Studio Solution File, Format Version 12.00
# Visual Studio Version 17
VisualStudioVersion = 17.5.2.0
MinimumVisualStudioVersion = 10.0.40219.1
Project("{FAE04EC0-301F-11D3-BF4B-00C04F79EFBC}") = "Stack-Example", "Stack-Example.csproj", "{1D939B6A-19F7-CA56-7441-A801D4E9CC64}"
EndProject
Global
	GlobalSection(SolutionConfigurationPlatforms) = preSolution
		Debug|Any CPU = Debug|Any CPU
		Release|Any CPU = Release|Any CPU
	EndGlobalSection
	GlobalSection(ProjectConfigurationPlatforms) = postSolution
		{1D939B6A-19F7-CA56-7441-A801D4E9CC64}.Debug|Any CPU.ActiveCfg = Debug|Any CPU
		{1D939B6A-19F7-CA56-7441-A801D4E9CC64}.Debug|Any CPU.Build.0 = Debug|Any CPU
		{1D939B6A-19F7-CA56-7441-A801D4E9CC64}.Release|Any CPU.ActiveCfg = Release|Any CPU
		{1D939B6A-19F7-CA56-7441-A801D4E9CC64}.Release|Any CPU.Build.0 = Release|Any CPU
	EndGlobalSection
	GlobalSection(SolutionProperties) = preSolution
		HideSolutionNode = FALSE
	EndGlobalSection
	GlobalSection(ExtensibilityGlobals) = postSolution
		SolutionGuid = {70CC696C-B447-4246-ADAD-E0AAFC1B82A0}
	EndGlobalSection
EndGlobal
