Microsoft Visual Studio Solution File, Format Version 12.00
# Visual Studio Version 17
VisualStudioVersion = 17.5.2.0
MinimumVisualStudioVersion = 10.0.40219.1
Project("{FAE04EC0-301F-11D3-BF4B-00C04F79EFBC}") = "Queue-Example", "Queue-Example.csproj", "{6CD81B98-E733-C4F5-8B47-E2E41BED4CA3}"
EndProject
Global
	GlobalSection(SolutionConfigurationPlatforms) = preSolution
		Debug|Any CPU = Debug|Any CPU
		Release|Any CPU = Release|Any CPU
	EndGlobalSection
	GlobalSection(ProjectConfigurationPlatforms) = postSolution
		{6CD81B98-E733-C4F5-8B47-E2E41BED4CA3}.Debug|Any CPU.ActiveCfg = Debug|Any CPU
		{6CD81B98-E733-C4F5-8B47-E2E41BED4CA3}.Debug|Any CPU.Build.0 = Debug|Any CPU
		{6CD81B98-E733-C4F5-8B47-E2E41BED4CA3}.Release|Any CPU.ActiveCfg = Release|Any CPU
		{6CD81B98-E733-C4F5-8B47-E2E41BED4CA3}.Release|Any CPU.Build.0 = Release|Any CPU
	EndGlobalSection
	GlobalSection(SolutionProperties) = preSolution
		HideSolutionNode = FALSE
	EndGlobalSection
	GlobalSection(ExtensibilityGlobals) = postSolution
		SolutionGuid = {8C3EF7B7-C71F-4231-8CD4-CF0E7698593B}
	EndGlobalSection
EndGlobal
