Microsoft Visual Studio Solution File, Format Version 12.00
# Visual Studio Version 17
VisualStudioVersion = 17.5.2.0
MinimumVisualStudioVersion = 10.0.40219.1
Project("{FAE04EC0-301F-11D3-BF4B-00C04F79EFBC}") = "C#-Learnings", "C#-Learnings.csproj", "{F58D940A-1457-F78F-4C13-D5870C6FE16E}"
EndProject
Global
	GlobalSection(SolutionConfigurationPlatforms) = preSolution
		Debug|Any CPU = Debug|Any CPU
		Release|Any CPU = Release|Any CPU
	EndGlobalSection
	GlobalSection(ProjectConfigurationPlatforms) = postSolution
		{F58D940A-1457-F78F-4C13-D5870C6FE16E}.Debug|Any CPU.ActiveCfg = Debug|Any CPU
		{F58D940A-1457-F78F-4C13-D5870C6FE16E}.Debug|Any CPU.Build.0 = Debug|Any CPU
		{F58D940A-1457-F78F-4C13-D5870C6FE16E}.Release|Any CPU.ActiveCfg = Release|Any CPU
		{F58D940A-1457-F78F-4C13-D5870C6FE16E}.Release|Any CPU.Build.0 = Release|Any CPU
	EndGlobalSection
	GlobalSection(SolutionProperties) = preSolution
		HideSolutionNode = FALSE
	EndGlobalSection
	GlobalSection(ExtensibilityGlobals) = postSolution
		SolutionGuid = {1A3B6F39-A679-4DD0-BE7C-F1D61E8F3DF1}
	EndGlobalSection
EndGlobal
